
Microsoft Visual Studio Solution File, Format Version 12.00
# Visual Studio Version 17
VisualStudioVersion = 17.4.33110.190
MinimumVisualStudioVersion = 10.0.40219.1
Project("{2150E333-8FDC-42A3-9474-1A3956D46DE8}") = "Chapter1", "Chapter1", "{052FFB71-A680-43E4-988F-D11E2E4CE622}"
EndProject
Project("{2150E333-8FDC-42A3-9474-1A3956D46DE8}") = "2.Benchmark", "2.Benchmark", "{AF17FFB3-A920-4499-9899-CD3846AFBDAB}"
EndProject
Project("{FAE04EC0-301F-11D3-BF4B-00C04F79EFBC}") = "2.Benchmark", "AsyncProCourse\Chapter 1\2.Benchmark\2.Benchmark\2.Benchmark.csproj", "{88C8C38F-46F5-457E-907C-42F9FEEBEA91}"
EndProject
Global
	GlobalSection(SolutionConfigurationPlatforms) = preSolution
		Debug|Any CPU = Debug|Any CPU
		Release|Any CPU = Release|Any CPU
	EndGlobalSection
	GlobalSection(ProjectConfigurationPlatforms) = postSolution
		{88C8C38F-46F5-457E-907C-42F9FEEBEA91}.Debug|Any CPU.ActiveCfg = Debug|Any CPU
		{88C8C38F-46F5-457E-907C-42F9FEEBEA91}.Debug|Any CPU.Build.0 = Debug|Any CPU
		{88C8C38F-46F5-457E-907C-42F9FEEBEA91}.Release|Any CPU.ActiveCfg = Release|Any CPU
		{88C8C38F-46F5-457E-907C-42F9FEEBEA91}.Release|Any CPU.Build.0 = Release|Any CPU
	EndGlobalSection
	GlobalSection(SolutionProperties) = preSolution
		HideSolutionNode = FALSE
	EndGlobalSection
	GlobalSection(NestedProjects) = preSolution
		{AF17FFB3-A920-4499-9899-CD3846AFBDAB} = {052FFB71-A680-43E4-988F-D11E2E4CE622}
		{88C8C38F-46F5-457E-907C-42F9FEEBEA91} = {AF17FFB3-A920-4499-9899-CD3846AFBDAB}
	EndGlobalSection
	GlobalSection(ExtensibilityGlobals) = postSolution
		SolutionGuid = {A9A3D629-FC74-4BD5-B626-C131F120467F}
	EndGlobalSection
EndGlobal
